
Microsoft Visual Studio Solution File, Format Version 12.00
# Visual Studio Version 17
VisualStudioVersion = 17.9.34723.18
MinimumVisualStudioVersion = 10.0.40219.1
Project("{9A19103F-16F7-4668-BE54-9A1E7A4F7556}") = "StolenBasesService", "StolenBasesService\StolenBasesService.csproj", "{8A4CEFCF-62AF-4C6F-AA73-40A31C0CDCE3}"
EndProject
Project("{9A19103F-16F7-4668-BE54-9A1E7A4F7556}") = "StolenBasesLib", "StolenBasesLib\StolenBasesLib.csproj", "{C331C3B9-8818-41F6-9FDD-3070F584B0C1}"
EndProject
Project("{2150E333-8FDC-42A3-9474-1A3956D46DE8}") = "Solution Items", "Solution Items", "{289A3458-7743-4FD0-882A-295EB44F4DB9}"
	ProjectSection(SolutionItems) = preProject
		.editorconfig = .editorconfig
	EndProjectSection
EndProject
Project("{FAE04EC0-301F-11D3-BF4B-00C04F79EFBC}") = "StolenBasesClient", "StolenBasesClient\StolenBasesClient.csproj", "{7773B27D-10A5-4A6D-93CE-C9D49230CC3E}"
EndProject
Global
	GlobalSection(SolutionConfigurationPlatforms) = preSolution
		Debug|Any CPU = Debug|Any CPU
		Release|Any CPU = Release|Any CPU
	EndGlobalSection
	GlobalSection(ProjectConfigurationPlatforms) = postSolution
		{8A4CEFCF-62AF-4C6F-AA73-40A31C0CDCE3}.Debug|Any CPU.ActiveCfg = Debug|Any CPU
		{8A4CEFCF-62AF-4C6F-AA73-40A31C0CDCE3}.Debug|Any CPU.Build.0 = Debug|Any CPU
		{8A4CEFCF-62AF-4C6F-AA73-40A31C0CDCE3}.Release|Any CPU.ActiveCfg = Release|Any CPU
		{8A4CEFCF-62AF-4C6F-AA73-40A31C0CDCE3}.Release|Any CPU.Build.0 = Release|Any CPU
		{C331C3B9-8818-41F6-9FDD-3070F584B0C1}.Debug|Any CPU.ActiveCfg = Debug|Any CPU
		{C331C3B9-8818-41F6-9FDD-3070F584B0C1}.Debug|Any CPU.Build.0 = Debug|Any CPU
		{C331C3B9-8818-41F6-9FDD-3070F584B0C1}.Release|Any CPU.ActiveCfg = Release|Any CPU
		{C331C3B9-8818-41F6-9FDD-3070F584B0C1}.Release|Any CPU.Build.0 = Release|Any CPU
		{7773B27D-10A5-4A6D-93CE-C9D49230CC3E}.Debug|Any CPU.ActiveCfg = Debug|Any CPU
		{7773B27D-10A5-4A6D-93CE-C9D49230CC3E}.Debug|Any CPU.Build.0 = Debug|Any CPU
		{7773B27D-10A5-4A6D-93CE-C9D49230CC3E}.Release|Any CPU.ActiveCfg = Release|Any CPU
		{7773B27D-10A5-4A6D-93CE-C9D49230CC3E}.Release|Any CPU.Build.0 = Release|Any CPU
	EndGlobalSection
	GlobalSection(SolutionProperties) = preSolution
		HideSolutionNode = FALSE
	EndGlobalSection
	GlobalSection(ExtensibilityGlobals) = postSolution
		SolutionGuid = {BBA107DD-234A-4930-AF54-774962D8C6D7}
	EndGlobalSection
EndGlobal
